
Microsoft Visual Studio Solution File, Format Version 12.00
# Visual Studio Version 17
VisualStudioVersion = 17.3.32804.467
MinimumVisualStudioVersion = 10.0.40219.1
Project("{FAE04EC0-301F-11D3-BF4B-00C04F79EFBC}") = "EMSwebapiproject", "EMSwebapiproject\EMSwebapiproject.csproj", "{770C014D-B08B-4A4D-B0BF-29B0511441BA}"
EndProject
Project("{FAE04EC0-301F-11D3-BF4B-00C04F79EFBC}") = "BLL_library", "..\EMSProject\BLL_library\BLL_library.csproj", "{687C8675-E2D8-4C47-8291-9F119C05CB47}"
EndProject
Project("{FAE04EC0-301F-11D3-BF4B-00C04F79EFBC}") = "DAL_library", "..\EMSProject\DAL_library\DAL_library.csproj", "{5D098A5C-1D29-4AF7-8892-673991430A25}"
EndProject
Global
	GlobalSection(SolutionConfigurationPlatforms) = preSolution
		Debug|Any CPU = Debug|Any CPU
		Release|Any CPU = Release|Any CPU
	EndGlobalSection
	GlobalSection(ProjectConfigurationPlatforms) = postSolution
		{770C014D-B08B-4A4D-B0BF-29B0511441BA}.Debug|Any CPU.ActiveCfg = Debug|Any CPU
		{770C014D-B08B-4A4D-B0BF-29B0511441BA}.Debug|Any CPU.Build.0 = Debug|Any CPU
		{770C014D-B08B-4A4D-B0BF-29B0511441BA}.Release|Any CPU.ActiveCfg = Release|Any CPU
		{770C014D-B08B-4A4D-B0BF-29B0511441BA}.Release|Any CPU.Build.0 = Release|Any CPU
		{687C8675-E2D8-4C47-8291-9F119C05CB47}.Debug|Any CPU.ActiveCfg = Debug|Any CPU
		{687C8675-E2D8-4C47-8291-9F119C05CB47}.Debug|Any CPU.Build.0 = Debug|Any CPU
		{687C8675-E2D8-4C47-8291-9F119C05CB47}.Release|Any CPU.ActiveCfg = Release|Any CPU
		{687C8675-E2D8-4C47-8291-9F119C05CB47}.Release|Any CPU.Build.0 = Release|Any CPU
		{5D098A5C-1D29-4AF7-8892-673991430A25}.Debug|Any CPU.ActiveCfg = Debug|Any CPU
		{5D098A5C-1D29-4AF7-8892-673991430A25}.Debug|Any CPU.Build.0 = Debug|Any CPU
		{5D098A5C-1D29-4AF7-8892-673991430A25}.Release|Any CPU.ActiveCfg = Release|Any CPU
		{5D098A5C-1D29-4AF7-8892-673991430A25}.Release|Any CPU.Build.0 = Release|Any CPU
	EndGlobalSection
	GlobalSection(SolutionProperties) = preSolution
		HideSolutionNode = FALSE
	EndGlobalSection
	GlobalSection(ExtensibilityGlobals) = postSolution
		SolutionGuid = {25FE2D87-C2E2-4DF1-82BE-B4C9030F7788}
	EndGlobalSection
EndGlobal
